
Microsoft Visual Studio Solution File, Format Version 12.00
# Visual Studio 14
VisualStudioVersion = 14.0.25420.1
MinimumVisualStudioVersion = 10.0.40219.1
Project("{FAE04EC0-301F-11D3-BF4B-00C04F79EFBC}") = "UI", "XMLParser\UI.csproj", "{D23B7AE7-D5EF-4E1B-B6C8-BCCF72D50BF6}"
EndProject
Project("{FAE04EC0-301F-11D3-BF4B-00C04F79EFBC}") = "Parser", "Parser\Parser.csproj", "{89A938F4-03C5-4CB5-9888-A3FF3FC2B051}"
EndProject
Project("{FAE04EC0-301F-11D3-BF4B-00C04F79EFBC}") = "BDOperational", "BDOperational\BDOperational.csproj", "{B554DC9C-812A-457E-91E2-F8FA83B161E9}"
EndProject
Project("{FAE04EC0-301F-11D3-BF4B-00C04F79EFBC}") = "File", "File\File.csproj", "{308D0236-6E26-417D-A8E8-9D9D9DFA5A11}"
EndProject
Global
	GlobalSection(SolutionConfigurationPlatforms) = preSolution
		Debug|Any CPU = Debug|Any CPU
		Release|Any CPU = Release|Any CPU
	EndGlobalSection
	GlobalSection(ProjectConfigurationPlatforms) = postSolution
		{D23B7AE7-D5EF-4E1B-B6C8-BCCF72D50BF6}.Debug|Any CPU.ActiveCfg = Debug|Any CPU
		{D23B7AE7-D5EF-4E1B-B6C8-BCCF72D50BF6}.Debug|Any CPU.Build.0 = Debug|Any CPU
		{D23B7AE7-D5EF-4E1B-B6C8-BCCF72D50BF6}.Release|Any CPU.ActiveCfg = Release|Any CPU
		{D23B7AE7-D5EF-4E1B-B6C8-BCCF72D50BF6}.Release|Any CPU.Build.0 = Release|Any CPU
		{89A938F4-03C5-4CB5-9888-A3FF3FC2B051}.Debug|Any CPU.ActiveCfg = Debug|Any CPU
		{89A938F4-03C5-4CB5-9888-A3FF3FC2B051}.Debug|Any CPU.Build.0 = Debug|Any CPU
		{89A938F4-03C5-4CB5-9888-A3FF3FC2B051}.Release|Any CPU.ActiveCfg = Release|Any CPU
		{89A938F4-03C5-4CB5-9888-A3FF3FC2B051}.Release|Any CPU.Build.0 = Release|Any CPU
		{B554DC9C-812A-457E-91E2-F8FA83B161E9}.Debug|Any CPU.ActiveCfg = Debug|Any CPU
		{B554DC9C-812A-457E-91E2-F8FA83B161E9}.Debug|Any CPU.Build.0 = Debug|Any CPU
		{B554DC9C-812A-457E-91E2-F8FA83B161E9}.Release|Any CPU.ActiveCfg = Release|Any CPU
		{B554DC9C-812A-457E-91E2-F8FA83B161E9}.Release|Any CPU.Build.0 = Release|Any CPU
		{308D0236-6E26-417D-A8E8-9D9D9DFA5A11}.Debug|Any CPU.ActiveCfg = Debug|Any CPU
		{308D0236-6E26-417D-A8E8-9D9D9DFA5A11}.Debug|Any CPU.Build.0 = Debug|Any CPU
		{308D0236-6E26-417D-A8E8-9D9D9DFA5A11}.Release|Any CPU.ActiveCfg = Release|Any CPU
		{308D0236-6E26-417D-A8E8-9D9D9DFA5A11}.Release|Any CPU.Build.0 = Release|Any CPU
	EndGlobalSection
	GlobalSection(SolutionProperties) = preSolution
		HideSolutionNode = FALSE
	EndGlobalSection
EndGlobal
